
Microsoft Visual Studio Solution File, Format Version 12.00
# Visual Studio 2013
VisualStudioVersion = 12.0.31101.0
MinimumVisualStudioVersion = 10.0.40219.1
Project("{FAE04EC0-301F-11D3-BF4B-00C04F79EFBC}") = "GroupA.FolksOpinion.UI", "GroupA.FolksOpinion.UI\GroupA.FolksOpinion.UI.csproj", "{516C2B74-0AF5-4B0C-83BE-B18F124D7F0A}"
EndProject
Project("{FAE04EC0-301F-11D3-BF4B-00C04F79EFBC}") = "GroupA.FolksOpinion.UI.UnitTests", "GroupA.FolksOpinion.UI.UnitTests\GroupA.FolksOpinion.UI.UnitTests.csproj", "{B72D5FA7-28F2-4A5B-BAB6-26BD73F72C7D}"
EndProject
Global
	GlobalSection(SolutionConfigurationPlatforms) = preSolution
		Debug|Any CPU = Debug|Any CPU
		Release|Any CPU = Release|Any CPU
	EndGlobalSection
	GlobalSection(ProjectConfigurationPlatforms) = postSolution
		{516C2B74-0AF5-4B0C-83BE-B18F124D7F0A}.Debug|Any CPU.ActiveCfg = Debug|Any CPU
		{516C2B74-0AF5-4B0C-83BE-B18F124D7F0A}.Debug|Any CPU.Build.0 = Debug|Any CPU
		{516C2B74-0AF5-4B0C-83BE-B18F124D7F0A}.Release|Any CPU.ActiveCfg = Release|Any CPU
		{516C2B74-0AF5-4B0C-83BE-B18F124D7F0A}.Release|Any CPU.Build.0 = Release|Any CPU
		{B72D5FA7-28F2-4A5B-BAB6-26BD73F72C7D}.Debug|Any CPU.ActiveCfg = Debug|Any CPU
		{B72D5FA7-28F2-4A5B-BAB6-26BD73F72C7D}.Debug|Any CPU.Build.0 = Debug|Any CPU
		{B72D5FA7-28F2-4A5B-BAB6-26BD73F72C7D}.Release|Any CPU.ActiveCfg = Release|Any CPU
		{B72D5FA7-28F2-4A5B-BAB6-26BD73F72C7D}.Release|Any CPU.Build.0 = Release|Any CPU
	EndGlobalSection
	GlobalSection(SolutionProperties) = preSolution
		HideSolutionNode = FALSE
	EndGlobalSection
EndGlobal
